
Microsoft Visual Studio Solution File, Format Version 12.00
# Visual Studio Version 17
VisualStudioVersion = 17.3.32825.248
MinimumVisualStudioVersion = 10.0.40219.1
Project("{9A19103F-16F7-4668-BE54-9A1E7A4F7556}") = "personal-assistant-ui", "personal-assistant-ui\personal-assistant-ui.csproj", "{6FBD2453-74F7-4CBB-8C21-6A7585ED5770}"
EndProject
Global
	GlobalSection(SolutionConfigurationPlatforms) = preSolution
		Debug|Any CPU = Debug|Any CPU
		Release|Any CPU = Release|Any CPU
	EndGlobalSection
	GlobalSection(ProjectConfigurationPlatforms) = postSolution
		{6FBD2453-74F7-4CBB-8C21-6A7585ED5770}.Debug|Any CPU.ActiveCfg = Debug|Any CPU
		{6FBD2453-74F7-4CBB-8C21-6A7585ED5770}.Debug|Any CPU.Build.0 = Debug|Any CPU
		{6FBD2453-74F7-4CBB-8C21-6A7585ED5770}.Release|Any CPU.ActiveCfg = Release|Any CPU
		{6FBD2453-74F7-4CBB-8C21-6A7585ED5770}.Release|Any CPU.Build.0 = Release|Any CPU
	EndGlobalSection
	GlobalSection(SolutionProperties) = preSolution
		HideSolutionNode = FALSE
	EndGlobalSection
	GlobalSection(ExtensibilityGlobals) = postSolution
		SolutionGuid = {A830B629-2AA5-48D7-AC7B-FE019E84C5D7}
	EndGlobalSection
EndGlobal
